
Microsoft Visual Studio Solution File, Format Version 12.00
# Visual Studio Version 16
VisualStudioVersion = 16.0.29409.12
MinimumVisualStudioVersion = 10.0.40219.1
Project("{FAE04EC0-301F-11D3-BF4B-00C04F79EFBC}") = "CustomerManagement.Domain", "CustomerManagement\CustomerManagement.Domain.csproj", "{8181EE59-9D7A-4135-96DA-663225F451D2}"
EndProject
Project("{2150E333-8FDC-42A3-9474-1A3956D46DE8}") = "0-Framework", "0-Framework", "{8BE84486-6D44-47F7-A45D-0E9DF0753EED}"
EndProject
Project("{FAE04EC0-301F-11D3-BF4B-00C04F79EFBC}") = "Framework.Core", "Framework.Core\Framework.Core.csproj", "{DB8F891C-E3C8-4DA8-A04D-C6828042260F}"
EndProject
Project("{FAE04EC0-301F-11D3-BF4B-00C04F79EFBC}") = "Framework.Domain", "Framework.Domain\Framework.Domain.csproj", "{1C8C0CAF-8527-4895-A722-19106256D2CD}"
EndProject
Project("{FAE04EC0-301F-11D3-BF4B-00C04F79EFBC}") = "CustomerManagement.Application", "CustomerManagement.Application\CustomerManagement.Application.csproj", "{746950C7-0341-4707-85E6-AC1D7C23F89A}"
EndProject
Project("{2150E333-8FDC-42A3-9474-1A3956D46DE8}") = "CustomerManagement", "CustomerManagement", "{0B12B4E6-F4DD-46AA-AD6C-CBDB931BD228}"
EndProject
Project("{FAE04EC0-301F-11D3-BF4B-00C04F79EFBC}") = "CustomerManagement.Domain.Test", "CustomerManagement.Domain.Test\CustomerManagement.Domain.Test.csproj", "{DC79F23D-05B5-4B32-B753-20539BBE8286}"
EndProject
Project("{2150E333-8FDC-42A3-9474-1A3956D46DE8}") = "Infrastructure", "Infrastructure", "{F188F9A6-8B6E-4C32-B821-EA8CA52C56AD}"
EndProject
Project("{FAE04EC0-301F-11D3-BF4B-00C04F79EFBC}") = "CustomerManagement.Persistence.NH", "CustomerManagement.Persistence\CustomerManagement.Persistence.NH.csproj", "{AF0E0381-8148-4FDC-9D8C-41EEE97BD611}"
EndProject
Project("{2150E333-8FDC-42A3-9474-1A3956D46DE8}") = "Application", "Application", "{52032329-106C-4B00-972D-29CE37A60F55}"
EndProject
Project("{FAE04EC0-301F-11D3-BF4B-00C04F79EFBC}") = "CustomerManagement.Application.Contract", "CustomerManagement.Application.Contract\CustomerManagement.Application.Contract.csproj", "{612C3D27-6E93-4D1D-AF55-7694FD6DAF44}"
EndProject
Project("{2150E333-8FDC-42A3-9474-1A3956D46DE8}") = "Domain", "Domain", "{5B9CD738-E697-417B-9350-C191D094FA7D}"
EndProject
Project("{FAE04EC0-301F-11D3-BF4B-00C04F79EFBC}") = "CustomerManagement.DependencyConfig", "CustomerManagement.DependencyConfig\CustomerManagement.DependencyConfig.csproj", "{25DF3232-058F-46CA-914B-D4910A8708D4}"
EndProject
Project("{FAE04EC0-301F-11D3-BF4B-00C04F79EFBC}") = "Host", "Host\Host.csproj", "{E1E537C1-B9BF-4EEC-8906-991924128965}"
EndProject
Project("{FAE04EC0-301F-11D3-BF4B-00C04F79EFBC}") = "CustomerManagement.Facad", "CustomerManagement.Facad\CustomerManagement.Facad.csproj", "{EF60A7F3-1535-406E-9E7F-87BEA7414EEF}"
EndProject
Project("{FAE04EC0-301F-11D3-BF4B-00C04F79EFBC}") = "CustomerManagement.Facad.Contract", "CustomerManagement.Facad.Contract\CustomerManagement.Facad.Contract.csproj", "{AE8CA0EC-B0DD-46A3-8107-7C5DBFA52C53}"
EndProject
Project("{2150E333-8FDC-42A3-9474-1A3956D46DE8}") = "Interface", "Interface", "{5BDD2C7D-3963-441E-AA7F-6C35FFE1D4EC}"
EndProject
Project("{FAE04EC0-301F-11D3-BF4B-00C04F79EFBC}") = "Framework.Application", "Framework.Application\Framework.Application.csproj", "{7669D573-EBEE-40C0-BBF3-6B743B67E9C3}"
EndProject
Project("{FAE04EC0-301F-11D3-BF4B-00C04F79EFBC}") = "CustomerManagement.Controller", "CustomerManagement.Controller\CustomerManagement.Controller.csproj", "{4FF5E91E-CDDA-462D-B5EB-A2C7FBF89A77}"
EndProject
Project("{FAE04EC0-301F-11D3-BF4B-00C04F79EFBC}") = "CustomerManagement.Persistence.EF", "CustomerManagement.Persistence.EF\CustomerManagement.Persistence.EF.csproj", "{A711AAC4-5506-417D-B1CE-F01A8D0CFB9A}"
EndProject
Project("{FAE04EC0-301F-11D3-BF4B-00C04F79EFBC}") = "Framework.Config", "Framework.Config\Framework.Config.csproj", "{2919C5D0-7A90-4462-87B3-7DC5F0290F08}"
EndProject
Project("{FAE04EC0-301F-11D3-BF4B-00C04F79EFBC}") = "Framework.Persistence.NH", "Framework.Persistence.NH\Framework.Persistence.NH.csproj", "{ACB53BB3-3927-4F35-BDE6-444F3D4D5ECD}"
EndProject
Project("{FAE04EC0-301F-11D3-BF4B-00C04F79EFBC}") = "CustomerManagement.Persistence.Mongo", "CustomerManagement.Persistence.Mongo\CustomerManagement.Persistence.Mongo.csproj", "{6711D000-A950-49E2-89EE-3E22A22C5CBE}"
EndProject
Project("{FAE04EC0-301F-11D3-BF4B-00C04F79EFBC}") = "Framework.Persistence.MongoDB", "Framework.Persistence.MongoDB\Framework.Persistence.MongoDB.csproj", "{E47C69EC-536C-451E-B2F7-500148D35D05}"
EndProject
Project("{2150E333-8FDC-42A3-9474-1A3956D46DE8}") = "Presentation", "Presentation", "{CC08DDFB-41B5-41CD-A3D4-97B81DA3F3E7}"
EndProject
Project("{FAE04EC0-301F-11D3-BF4B-00C04F79EFBC}") = "WpfApp", "WpfApp\WpfApp.csproj", "{33CFDE97-F470-4D5C-8BC5-26133001E87A}"
EndProject
Project("{FAE04EC0-301F-11D3-BF4B-00C04F79EFBC}") = "WebApplication", "WebApplication\WebApplication.csproj", "{67BD10F5-3C19-4BFB-8DD0-E39D9C7E4CAE}"
EndProject
Project("{FAE04EC0-301F-11D3-BF4B-00C04F79EFBC}") = "Framework.Security", "Framework.Security\Framework.Security.csproj", "{FF94A058-FFD7-4F65-AF64-B26103EEC2B4}"
EndProject
Project("{2150E333-8FDC-42A3-9474-1A3956D46DE8}") = "AccountManagement", "AccountManagement", "{011B2594-ECA5-43A2-B940-B285AF84618A}"
EndProject
Project("{FAE04EC0-301F-11D3-BF4B-00C04F79EFBC}") = "AccountManagement.Domain", "AccountManagement.Domain\AccountManagement.Domain.csproj", "{8061739B-D288-411A-8EEA-587EC6F49DBE}"
EndProject
Project("{FAE04EC0-301F-11D3-BF4B-00C04F79EFBC}") = "AccountManagement.Application", "AccountManagement.Application\AccountManagement.Application.csproj", "{90287AC1-9A85-4A14-8089-F6CD623033EB}"
EndProject
Project("{FAE04EC0-301F-11D3-BF4B-00C04F79EFBC}") = "AccountManagement.Persistence", "AccountManagement.Persistence\AccountManagement.Persistence.csproj", "{752C2A5E-D72D-482A-9B0E-4C72923FE926}"
EndProject
Project("{FAE04EC0-301F-11D3-BF4B-00C04F79EFBC}") = "AccountManagement.Config", "AccountManagement.Config\AccountManagement.Config.csproj", "{6C7EC12F-F284-48B0-A26C-01B88167E631}"
EndProject
Project("{2150E333-8FDC-42A3-9474-1A3956D46DE8}") = "Domain", "Domain", "{9D486914-D672-47D0-B258-0434036D9CFA}"
EndProject
Project("{2150E333-8FDC-42A3-9474-1A3956D46DE8}") = "Application", "Application", "{A0C5E21F-B13E-4371-A88F-1DA8A3DE52F9}"
EndProject
Project("{2150E333-8FDC-42A3-9474-1A3956D46DE8}") = "Infrastructure", "Infrastructure", "{A3EB1FFD-E879-4354-ABE7-A409738942B5}"
EndProject
Project("{2150E333-8FDC-42A3-9474-1A3956D46DE8}") = "Interface", "Interface", "{9BCA1451-3E80-4400-852F-71D62CC8EB46}"
EndProject
Project("{FAE04EC0-301F-11D3-BF4B-00C04F79EFBC}") = "AccountManagement.Controller", "AccountManagement.Controller\AccountManagement.Controller.csproj", "{F2233242-B70B-452F-AEAA-85D1BD3CD1E2}"
EndProject
Project("{FAE04EC0-301F-11D3-BF4B-00C04F79EFBC}") = "AccountManagement.Application.Contract", "AccountManagement.Application.Contract\AccountManagement.Application.Contract.csproj", "{7748AECF-532A-4408-8C32-7622D3D0191E}"
EndProject
Project("{2150E333-8FDC-42A3-9474-1A3956D46DE8}") = "SecurityManagement", "SecurityManagement", "{603A2F2A-2D25-46E0-97E9-1A50F5FD55B8}"
EndProject
Project("{FAE04EC0-301F-11D3-BF4B-00C04F79EFBC}") = "AccountManagement.CustomerManagementACL", "AccountManagement.CustomerManagementACL\AccountManagement.CustomerManagementACL.csproj", "{1E6DB534-8ABE-4E45-8E2E-BEAEB1703DC5}"
EndProject
Project("{FAE04EC0-301F-11D3-BF4B-00C04F79EFBC}") = "CustomerManagement.Domain.Contract", "CustomerManagement.Domain.Contract\CustomerManagement.Domain.Contract.csproj", "{2090803D-558B-429A-80D4-DC7541CB8B08}"
EndProject
Project("{FAE04EC0-301F-11D3-BF4B-00C04F79EFBC}") = "Common", "Common\Common.csproj", "{25660DBE-015E-4260-8AFF-E76DDBC6C587}"
EndProject
Project("{FAE04EC0-301F-11D3-BF4B-00C04F79EFBC}") = "SSOManagement", "SSOManagement\SSOManagement.csproj", "{D1061535-D09F-40BD-AB9D-FD526BD03483}"
EndProject
Project("{FAE04EC0-301F-11D3-BF4B-00C04F79EFBC}") = "AccountManagement.Facade", "AccountManagement.Facade\AccountManagement.Facade.csproj", "{A1C5A2DD-E3BA-4EF2-9563-3D20AC00E180}"
EndProject
Project("{FAE04EC0-301F-11D3-BF4B-00C04F79EFBC}") = "AccountManagement.Facade.Contract", "AccountManagement.Facade.Contract\AccountManagement.Facade.Contract.csproj", "{73ABAA79-6E84-457E-B7F2-A47EA8DBC254}"
EndProject
Project("{2150E333-8FDC-42A3-9474-1A3956D46DE8}") = "ReadModel", "ReadModel", "{45693A7A-1A7C-4683-A34D-B0E8C171B420}"
EndProject
Project("{FAE04EC0-301F-11D3-BF4B-00C04F79EFBC}") = "Banking.ReadModel.QueryService", "Banking.ReadModel.QueryService\Banking.ReadModel.QueryService.csproj", "{2A01C3E9-D5F8-4A54-9731-7C3813F95E68}"
EndProject
Project("{FAE04EC0-301F-11D3-BF4B-00C04F79EFBC}") = "Banking.ReadModel.QueryService.Contract", "Banking.ReadModel.QueryService.Contract\Banking.ReadModel.QueryService.Contract.csproj", "{9A8AD592-B898-4AA6-8E9D-7E93868CE4F1}"
EndProject
Project("{FAE04EC0-301F-11D3-BF4B-00C04F79EFBC}") = "AccountManagement.Domain.Contract", "AccountManagement.Domain.Contract\AccountManagement.Domain.Contract.csproj", "{F870CB78-50CB-4F38-A609-2F12D0E39D05}"
EndProject
Project("{FAE04EC0-301F-11D3-BF4B-00C04F79EFBC}") = "Framework.ServiceBus.MassTransit", "Framework.ServiceBus.MassTransit\Framework.ServiceBus.MassTransit.csproj", "{75B8A433-109F-40D4-B29B-B39BC1DAC202}"
EndProject
Project("{FAE04EC0-301F-11D3-BF4B-00C04F79EFBC}") = "Banking.ReadModel.DependencyConfig", "Banking.ReadModel.Config\Banking.ReadModel.DependencyConfig.csproj", "{241DC90D-8163-4220-8538-0E80D2D78922}"
EndProject
Project("{FAE04EC0-301F-11D3-BF4B-00C04F79EFBC}") = "Banking.Readmodel.Host", "Banking.Readmodel.Host\Banking.Readmodel.Host.csproj", "{C859C967-35AA-48A2-8D26-D618E13A594C}"
EndProject
Global
	GlobalSection(SolutionConfigurationPlatforms) = preSolution
		Debug|Any CPU = Debug|Any CPU
		Release|Any CPU = Release|Any CPU
	EndGlobalSection
	GlobalSection(ProjectConfigurationPlatforms) = postSolution
		{8181EE59-9D7A-4135-96DA-663225F451D2}.Debug|Any CPU.ActiveCfg = Debug|Any CPU
		{8181EE59-9D7A-4135-96DA-663225F451D2}.Debug|Any CPU.Build.0 = Debug|Any CPU
		{8181EE59-9D7A-4135-96DA-663225F451D2}.Release|Any CPU.ActiveCfg = Release|Any CPU
		{8181EE59-9D7A-4135-96DA-663225F451D2}.Release|Any CPU.Build.0 = Release|Any CPU
		{DB8F891C-E3C8-4DA8-A04D-C6828042260F}.Debug|Any CPU.ActiveCfg = Debug|Any CPU
		{DB8F891C-E3C8-4DA8-A04D-C6828042260F}.Debug|Any CPU.Build.0 = Debug|Any CPU
		{DB8F891C-E3C8-4DA8-A04D-C6828042260F}.Release|Any CPU.ActiveCfg = Release|Any CPU
		{DB8F891C-E3C8-4DA8-A04D-C6828042260F}.Release|Any CPU.Build.0 = Release|Any CPU
		{1C8C0CAF-8527-4895-A722-19106256D2CD}.Debug|Any CPU.ActiveCfg = Debug|Any CPU
		{1C8C0CAF-8527-4895-A722-19106256D2CD}.Debug|Any CPU.Build.0 = Debug|Any CPU
		{1C8C0CAF-8527-4895-A722-19106256D2CD}.Release|Any CPU.ActiveCfg = Release|Any CPU
		{1C8C0CAF-8527-4895-A722-19106256D2CD}.Release|Any CPU.Build.0 = Release|Any CPU
		{746950C7-0341-4707-85E6-AC1D7C23F89A}.Debug|Any CPU.ActiveCfg = Debug|Any CPU
		{746950C7-0341-4707-85E6-AC1D7C23F89A}.Debug|Any CPU.Build.0 = Debug|Any CPU
		{746950C7-0341-4707-85E6-AC1D7C23F89A}.Release|Any CPU.ActiveCfg = Release|Any CPU
		{746950C7-0341-4707-85E6-AC1D7C23F89A}.Release|Any CPU.Build.0 = Release|Any CPU
		{DC79F23D-05B5-4B32-B753-20539BBE8286}.Debug|Any CPU.ActiveCfg = Debug|Any CPU
		{DC79F23D-05B5-4B32-B753-20539BBE8286}.Debug|Any CPU.Build.0 = Debug|Any CPU
		{DC79F23D-05B5-4B32-B753-20539BBE8286}.Release|Any CPU.ActiveCfg = Release|Any CPU
		{DC79F23D-05B5-4B32-B753-20539BBE8286}.Release|Any CPU.Build.0 = Release|Any CPU
		{AF0E0381-8148-4FDC-9D8C-41EEE97BD611}.Debug|Any CPU.ActiveCfg = Debug|Any CPU
		{AF0E0381-8148-4FDC-9D8C-41EEE97BD611}.Debug|Any CPU.Build.0 = Debug|Any CPU
		{AF0E0381-8148-4FDC-9D8C-41EEE97BD611}.Release|Any CPU.ActiveCfg = Release|Any CPU
		{AF0E0381-8148-4FDC-9D8C-41EEE97BD611}.Release|Any CPU.Build.0 = Release|Any CPU
		{612C3D27-6E93-4D1D-AF55-7694FD6DAF44}.Debug|Any CPU.ActiveCfg = Debug|Any CPU
		{612C3D27-6E93-4D1D-AF55-7694FD6DAF44}.Debug|Any CPU.Build.0 = Debug|Any CPU
		{612C3D27-6E93-4D1D-AF55-7694FD6DAF44}.Release|Any CPU.ActiveCfg = Release|Any CPU
		{612C3D27-6E93-4D1D-AF55-7694FD6DAF44}.Release|Any CPU.Build.0 = Release|Any CPU
		{25DF3232-058F-46CA-914B-D4910A8708D4}.Debug|Any CPU.ActiveCfg = Debug|Any CPU
		{25DF3232-058F-46CA-914B-D4910A8708D4}.Debug|Any CPU.Build.0 = Debug|Any CPU
		{25DF3232-058F-46CA-914B-D4910A8708D4}.Release|Any CPU.ActiveCfg = Release|Any CPU
		{25DF3232-058F-46CA-914B-D4910A8708D4}.Release|Any CPU.Build.0 = Release|Any CPU
		{E1E537C1-B9BF-4EEC-8906-991924128965}.Debug|Any CPU.ActiveCfg = Debug|Any CPU
		{E1E537C1-B9BF-4EEC-8906-991924128965}.Debug|Any CPU.Build.0 = Debug|Any CPU
		{E1E537C1-B9BF-4EEC-8906-991924128965}.Release|Any CPU.ActiveCfg = Release|Any CPU
		{E1E537C1-B9BF-4EEC-8906-991924128965}.Release|Any CPU.Build.0 = Release|Any CPU
		{EF60A7F3-1535-406E-9E7F-87BEA7414EEF}.Debug|Any CPU.ActiveCfg = Debug|Any CPU
		{EF60A7F3-1535-406E-9E7F-87BEA7414EEF}.Debug|Any CPU.Build.0 = Debug|Any CPU
		{EF60A7F3-1535-406E-9E7F-87BEA7414EEF}.Release|Any CPU.ActiveCfg = Release|Any CPU
		{EF60A7F3-1535-406E-9E7F-87BEA7414EEF}.Release|Any CPU.Build.0 = Release|Any CPU
		{AE8CA0EC-B0DD-46A3-8107-7C5DBFA52C53}.Debug|Any CPU.ActiveCfg = Debug|Any CPU
		{AE8CA0EC-B0DD-46A3-8107-7C5DBFA52C53}.Debug|Any CPU.Build.0 = Debug|Any CPU
		{AE8CA0EC-B0DD-46A3-8107-7C5DBFA52C53}.Release|Any CPU.ActiveCfg = Release|Any CPU
		{AE8CA0EC-B0DD-46A3-8107-7C5DBFA52C53}.Release|Any CPU.Build.0 = Release|Any CPU
		{7669D573-EBEE-40C0-BBF3-6B743B67E9C3}.Debug|Any CPU.ActiveCfg = Debug|Any CPU
		{7669D573-EBEE-40C0-BBF3-6B743B67E9C3}.Debug|Any CPU.Build.0 = Debug|Any CPU
		{7669D573-EBEE-40C0-BBF3-6B743B67E9C3}.Release|Any CPU.ActiveCfg = Release|Any CPU
		{7669D573-EBEE-40C0-BBF3-6B743B67E9C3}.Release|Any CPU.Build.0 = Release|Any CPU
		{4FF5E91E-CDDA-462D-B5EB-A2C7FBF89A77}.Debug|Any CPU.ActiveCfg = Debug|Any CPU
		{4FF5E91E-CDDA-462D-B5EB-A2C7FBF89A77}.Debug|Any CPU.Build.0 = Debug|Any CPU
		{4FF5E91E-CDDA-462D-B5EB-A2C7FBF89A77}.Release|Any CPU.ActiveCfg = Release|Any CPU
		{4FF5E91E-CDDA-462D-B5EB-A2C7FBF89A77}.Release|Any CPU.Build.0 = Release|Any CPU
		{A711AAC4-5506-417D-B1CE-F01A8D0CFB9A}.Debug|Any CPU.ActiveCfg = Debug|Any CPU
		{A711AAC4-5506-417D-B1CE-F01A8D0CFB9A}.Debug|Any CPU.Build.0 = Debug|Any CPU
		{A711AAC4-5506-417D-B1CE-F01A8D0CFB9A}.Release|Any CPU.ActiveCfg = Release|Any CPU
		{A711AAC4-5506-417D-B1CE-F01A8D0CFB9A}.Release|Any CPU.Build.0 = Release|Any CPU
		{2919C5D0-7A90-4462-87B3-7DC5F0290F08}.Debug|Any CPU.ActiveCfg = Debug|Any CPU
		{2919C5D0-7A90-4462-87B3-7DC5F0290F08}.Debug|Any CPU.Build.0 = Debug|Any CPU
		{2919C5D0-7A90-4462-87B3-7DC5F0290F08}.Release|Any CPU.ActiveCfg = Release|Any CPU
		{2919C5D0-7A90-4462-87B3-7DC5F0290F08}.Release|Any CPU.Build.0 = Release|Any CPU
		{ACB53BB3-3927-4F35-BDE6-444F3D4D5ECD}.Debug|Any CPU.ActiveCfg = Debug|Any CPU
		{ACB53BB3-3927-4F35-BDE6-444F3D4D5ECD}.Debug|Any CPU.Build.0 = Debug|Any CPU
		{ACB53BB3-3927-4F35-BDE6-444F3D4D5ECD}.Release|Any CPU.ActiveCfg = Release|Any CPU
		{ACB53BB3-3927-4F35-BDE6-444F3D4D5ECD}.Release|Any CPU.Build.0 = Release|Any CPU
		{6711D000-A950-49E2-89EE-3E22A22C5CBE}.Debug|Any CPU.ActiveCfg = Debug|Any CPU
		{6711D000-A950-49E2-89EE-3E22A22C5CBE}.Debug|Any CPU.Build.0 = Debug|Any CPU
		{6711D000-A950-49E2-89EE-3E22A22C5CBE}.Release|Any CPU.ActiveCfg = Release|Any CPU
		{6711D000-A950-49E2-89EE-3E22A22C5CBE}.Release|Any CPU.Build.0 = Release|Any CPU
		{E47C69EC-536C-451E-B2F7-500148D35D05}.Debug|Any CPU.ActiveCfg = Debug|Any CPU
		{E47C69EC-536C-451E-B2F7-500148D35D05}.Debug|Any CPU.Build.0 = Debug|Any CPU
		{E47C69EC-536C-451E-B2F7-500148D35D05}.Release|Any CPU.ActiveCfg = Release|Any CPU
		{E47C69EC-536C-451E-B2F7-500148D35D05}.Release|Any CPU.Build.0 = Release|Any CPU
		{33CFDE97-F470-4D5C-8BC5-26133001E87A}.Debug|Any CPU.ActiveCfg = Debug|Any CPU
		{33CFDE97-F470-4D5C-8BC5-26133001E87A}.Debug|Any CPU.Build.0 = Debug|Any CPU
		{33CFDE97-F470-4D5C-8BC5-26133001E87A}.Release|Any CPU.ActiveCfg = Release|Any CPU
		{33CFDE97-F470-4D5C-8BC5-26133001E87A}.Release|Any CPU.Build.0 = Release|Any CPU
		{67BD10F5-3C19-4BFB-8DD0-E39D9C7E4CAE}.Debug|Any CPU.ActiveCfg = Debug|Any CPU
		{67BD10F5-3C19-4BFB-8DD0-E39D9C7E4CAE}.Debug|Any CPU.Build.0 = Debug|Any CPU
		{67BD10F5-3C19-4BFB-8DD0-E39D9C7E4CAE}.Release|Any CPU.ActiveCfg = Release|Any CPU
		{67BD10F5-3C19-4BFB-8DD0-E39D9C7E4CAE}.Release|Any CPU.Build.0 = Release|Any CPU
		{FF94A058-FFD7-4F65-AF64-B26103EEC2B4}.Debug|Any CPU.ActiveCfg = Debug|Any CPU
		{FF94A058-FFD7-4F65-AF64-B26103EEC2B4}.Debug|Any CPU.Build.0 = Debug|Any CPU
		{FF94A058-FFD7-4F65-AF64-B26103EEC2B4}.Release|Any CPU.ActiveCfg = Release|Any CPU
		{FF94A058-FFD7-4F65-AF64-B26103EEC2B4}.Release|Any CPU.Build.0 = Release|Any CPU
		{8061739B-D288-411A-8EEA-587EC6F49DBE}.Debug|Any CPU.ActiveCfg = Debug|Any CPU
		{8061739B-D288-411A-8EEA-587EC6F49DBE}.Debug|Any CPU.Build.0 = Debug|Any CPU
		{8061739B-D288-411A-8EEA-587EC6F49DBE}.Release|Any CPU.ActiveCfg = Release|Any CPU
		{8061739B-D288-411A-8EEA-587EC6F49DBE}.Release|Any CPU.Build.0 = Release|Any CPU
		{90287AC1-9A85-4A14-8089-F6CD623033EB}.Debug|Any CPU.ActiveCfg = Debug|Any CPU
		{90287AC1-9A85-4A14-8089-F6CD623033EB}.Debug|Any CPU.Build.0 = Debug|Any CPU
		{90287AC1-9A85-4A14-8089-F6CD623033EB}.Release|Any CPU.ActiveCfg = Release|Any CPU
		{90287AC1-9A85-4A14-8089-F6CD623033EB}.Release|Any CPU.Build.0 = Release|Any CPU
		{752C2A5E-D72D-482A-9B0E-4C72923FE926}.Debug|Any CPU.ActiveCfg = Debug|Any CPU
		{752C2A5E-D72D-482A-9B0E-4C72923FE926}.Debug|Any CPU.Build.0 = Debug|Any CPU
		{752C2A5E-D72D-482A-9B0E-4C72923FE926}.Release|Any CPU.ActiveCfg = Release|Any CPU
		{752C2A5E-D72D-482A-9B0E-4C72923FE926}.Release|Any CPU.Build.0 = Release|Any CPU
		{6C7EC12F-F284-48B0-A26C-01B88167E631}.Debug|Any CPU.ActiveCfg = Debug|Any CPU
		{6C7EC12F-F284-48B0-A26C-01B88167E631}.Debug|Any CPU.Build.0 = Debug|Any CPU
		{6C7EC12F-F284-48B0-A26C-01B88167E631}.Release|Any CPU.ActiveCfg = Release|Any CPU
		{6C7EC12F-F284-48B0-A26C-01B88167E631}.Release|Any CPU.Build.0 = Release|Any CPU
		{F2233242-B70B-452F-AEAA-85D1BD3CD1E2}.Debug|Any CPU.ActiveCfg = Debug|Any CPU
		{F2233242-B70B-452F-AEAA-85D1BD3CD1E2}.Debug|Any CPU.Build.0 = Debug|Any CPU
		{F2233242-B70B-452F-AEAA-85D1BD3CD1E2}.Release|Any CPU.ActiveCfg = Release|Any CPU
		{F2233242-B70B-452F-AEAA-85D1BD3CD1E2}.Release|Any CPU.Build.0 = Release|Any CPU
		{7748AECF-532A-4408-8C32-7622D3D0191E}.Debug|Any CPU.ActiveCfg = Debug|Any CPU
		{7748AECF-532A-4408-8C32-7622D3D0191E}.Debug|Any CPU.Build.0 = Debug|Any CPU
		{7748AECF-532A-4408-8C32-7622D3D0191E}.Release|Any CPU.ActiveCfg = Release|Any CPU
		{7748AECF-532A-4408-8C32-7622D3D0191E}.Release|Any CPU.Build.0 = Release|Any CPU
		{1E6DB534-8ABE-4E45-8E2E-BEAEB1703DC5}.Debug|Any CPU.ActiveCfg = Debug|Any CPU
		{1E6DB534-8ABE-4E45-8E2E-BEAEB1703DC5}.Debug|Any CPU.Build.0 = Debug|Any CPU
		{1E6DB534-8ABE-4E45-8E2E-BEAEB1703DC5}.Release|Any CPU.ActiveCfg = Release|Any CPU
		{1E6DB534-8ABE-4E45-8E2E-BEAEB1703DC5}.Release|Any CPU.Build.0 = Release|Any CPU
		{2090803D-558B-429A-80D4-DC7541CB8B08}.Debug|Any CPU.ActiveCfg = Debug|Any CPU
		{2090803D-558B-429A-80D4-DC7541CB8B08}.Debug|Any CPU.Build.0 = Debug|Any CPU
		{2090803D-558B-429A-80D4-DC7541CB8B08}.Release|Any CPU.ActiveCfg = Release|Any CPU
		{2090803D-558B-429A-80D4-DC7541CB8B08}.Release|Any CPU.Build.0 = Release|Any CPU
		{25660DBE-015E-4260-8AFF-E76DDBC6C587}.Debug|Any CPU.ActiveCfg = Debug|Any CPU
		{25660DBE-015E-4260-8AFF-E76DDBC6C587}.Debug|Any CPU.Build.0 = Debug|Any CPU
		{25660DBE-015E-4260-8AFF-E76DDBC6C587}.Release|Any CPU.ActiveCfg = Release|Any CPU
		{25660DBE-015E-4260-8AFF-E76DDBC6C587}.Release|Any CPU.Build.0 = Release|Any CPU
		{D1061535-D09F-40BD-AB9D-FD526BD03483}.Debug|Any CPU.ActiveCfg = Debug|Any CPU
		{D1061535-D09F-40BD-AB9D-FD526BD03483}.Debug|Any CPU.Build.0 = Debug|Any CPU
		{D1061535-D09F-40BD-AB9D-FD526BD03483}.Release|Any CPU.ActiveCfg = Release|Any CPU
		{D1061535-D09F-40BD-AB9D-FD526BD03483}.Release|Any CPU.Build.0 = Release|Any CPU
		{A1C5A2DD-E3BA-4EF2-9563-3D20AC00E180}.Debug|Any CPU.ActiveCfg = Debug|Any CPU
		{A1C5A2DD-E3BA-4EF2-9563-3D20AC00E180}.Debug|Any CPU.Build.0 = Debug|Any CPU
		{A1C5A2DD-E3BA-4EF2-9563-3D20AC00E180}.Release|Any CPU.ActiveCfg = Release|Any CPU
		{A1C5A2DD-E3BA-4EF2-9563-3D20AC00E180}.Release|Any CPU.Build.0 = Release|Any CPU
		{73ABAA79-6E84-457E-B7F2-A47EA8DBC254}.Debug|Any CPU.ActiveCfg = Debug|Any CPU
		{73ABAA79-6E84-457E-B7F2-A47EA8DBC254}.Debug|Any CPU.Build.0 = Debug|Any CPU
		{73ABAA79-6E84-457E-B7F2-A47EA8DBC254}.Release|Any CPU.ActiveCfg = Release|Any CPU
		{73ABAA79-6E84-457E-B7F2-A47EA8DBC254}.Release|Any CPU.Build.0 = Release|Any CPU
		{2A01C3E9-D5F8-4A54-9731-7C3813F95E68}.Debug|Any CPU.ActiveCfg = Debug|Any CPU
		{2A01C3E9-D5F8-4A54-9731-7C3813F95E68}.Debug|Any CPU.Build.0 = Debug|Any CPU
		{2A01C3E9-D5F8-4A54-9731-7C3813F95E68}.Release|Any CPU.ActiveCfg = Release|Any CPU
		{2A01C3E9-D5F8-4A54-9731-7C3813F95E68}.Release|Any CPU.Build.0 = Release|Any CPU
		{9A8AD592-B898-4AA6-8E9D-7E93868CE4F1}.Debug|Any CPU.ActiveCfg = Debug|Any CPU
		{9A8AD592-B898-4AA6-8E9D-7E93868CE4F1}.Debug|Any CPU.Build.0 = Debug|Any CPU
		{9A8AD592-B898-4AA6-8E9D-7E93868CE4F1}.Release|Any CPU.ActiveCfg = Release|Any CPU
		{9A8AD592-B898-4AA6-8E9D-7E93868CE4F1}.Release|Any CPU.Build.0 = Release|Any CPU
		{F870CB78-50CB-4F38-A609-2F12D0E39D05}.Debug|Any CPU.ActiveCfg = Debug|Any CPU
		{F870CB78-50CB-4F38-A609-2F12D0E39D05}.Debug|Any CPU.Build.0 = Debug|Any CPU
		{F870CB78-50CB-4F38-A609-2F12D0E39D05}.Release|Any CPU.ActiveCfg = Release|Any CPU
		{F870CB78-50CB-4F38-A609-2F12D0E39D05}.Release|Any CPU.Build.0 = Release|Any CPU
		{75B8A433-109F-40D4-B29B-B39BC1DAC202}.Debug|Any CPU.ActiveCfg = Debug|Any CPU
		{75B8A433-109F-40D4-B29B-B39BC1DAC202}.Debug|Any CPU.Build.0 = Debug|Any CPU
		{75B8A433-109F-40D4-B29B-B39BC1DAC202}.Release|Any CPU.ActiveCfg = Release|Any CPU
		{75B8A433-109F-40D4-B29B-B39BC1DAC202}.Release|Any CPU.Build.0 = Release|Any CPU
		{241DC90D-8163-4220-8538-0E80D2D78922}.Debug|Any CPU.ActiveCfg = Debug|Any CPU
		{241DC90D-8163-4220-8538-0E80D2D78922}.Debug|Any CPU.Build.0 = Debug|Any CPU
		{241DC90D-8163-4220-8538-0E80D2D78922}.Release|Any CPU.ActiveCfg = Release|Any CPU
		{241DC90D-8163-4220-8538-0E80D2D78922}.Release|Any CPU.Build.0 = Release|Any CPU
		{C859C967-35AA-48A2-8D26-D618E13A594C}.Debug|Any CPU.ActiveCfg = Debug|Any CPU
		{C859C967-35AA-48A2-8D26-D618E13A594C}.Debug|Any CPU.Build.0 = Debug|Any CPU
		{C859C967-35AA-48A2-8D26-D618E13A594C}.Release|Any CPU.ActiveCfg = Release|Any CPU
		{C859C967-35AA-48A2-8D26-D618E13A594C}.Release|Any CPU.Build.0 = Release|Any CPU
	EndGlobalSection
	GlobalSection(SolutionProperties) = preSolution
		HideSolutionNode = FALSE
	EndGlobalSection
	GlobalSection(NestedProjects) = preSolution
		{8181EE59-9D7A-4135-96DA-663225F451D2} = {5B9CD738-E697-417B-9350-C191D094FA7D}
		{DB8F891C-E3C8-4DA8-A04D-C6828042260F} = {8BE84486-6D44-47F7-A45D-0E9DF0753EED}
		{1C8C0CAF-8527-4895-A722-19106256D2CD} = {8BE84486-6D44-47F7-A45D-0E9DF0753EED}
		{746950C7-0341-4707-85E6-AC1D7C23F89A} = {52032329-106C-4B00-972D-29CE37A60F55}
		{DC79F23D-05B5-4B32-B753-20539BBE8286} = {5B9CD738-E697-417B-9350-C191D094FA7D}
		{F188F9A6-8B6E-4C32-B821-EA8CA52C56AD} = {0B12B4E6-F4DD-46AA-AD6C-CBDB931BD228}
		{AF0E0381-8148-4FDC-9D8C-41EEE97BD611} = {F188F9A6-8B6E-4C32-B821-EA8CA52C56AD}
		{52032329-106C-4B00-972D-29CE37A60F55} = {0B12B4E6-F4DD-46AA-AD6C-CBDB931BD228}
		{612C3D27-6E93-4D1D-AF55-7694FD6DAF44} = {52032329-106C-4B00-972D-29CE37A60F55}
		{5B9CD738-E697-417B-9350-C191D094FA7D} = {0B12B4E6-F4DD-46AA-AD6C-CBDB931BD228}
		{25DF3232-058F-46CA-914B-D4910A8708D4} = {0B12B4E6-F4DD-46AA-AD6C-CBDB931BD228}
		{EF60A7F3-1535-406E-9E7F-87BEA7414EEF} = {52032329-106C-4B00-972D-29CE37A60F55}
		{AE8CA0EC-B0DD-46A3-8107-7C5DBFA52C53} = {52032329-106C-4B00-972D-29CE37A60F55}
		{5BDD2C7D-3963-441E-AA7F-6C35FFE1D4EC} = {0B12B4E6-F4DD-46AA-AD6C-CBDB931BD228}
		{7669D573-EBEE-40C0-BBF3-6B743B67E9C3} = {8BE84486-6D44-47F7-A45D-0E9DF0753EED}
		{4FF5E91E-CDDA-462D-B5EB-A2C7FBF89A77} = {5BDD2C7D-3963-441E-AA7F-6C35FFE1D4EC}
		{A711AAC4-5506-417D-B1CE-F01A8D0CFB9A} = {F188F9A6-8B6E-4C32-B821-EA8CA52C56AD}
		{2919C5D0-7A90-4462-87B3-7DC5F0290F08} = {8BE84486-6D44-47F7-A45D-0E9DF0753EED}
		{ACB53BB3-3927-4F35-BDE6-444F3D4D5ECD} = {8BE84486-6D44-47F7-A45D-0E9DF0753EED}
		{6711D000-A950-49E2-89EE-3E22A22C5CBE} = {F188F9A6-8B6E-4C32-B821-EA8CA52C56AD}
		{E47C69EC-536C-451E-B2F7-500148D35D05} = {8BE84486-6D44-47F7-A45D-0E9DF0753EED}
		{33CFDE97-F470-4D5C-8BC5-26133001E87A} = {CC08DDFB-41B5-41CD-A3D4-97B81DA3F3E7}
		{67BD10F5-3C19-4BFB-8DD0-E39D9C7E4CAE} = {CC08DDFB-41B5-41CD-A3D4-97B81DA3F3E7}
		{FF94A058-FFD7-4F65-AF64-B26103EEC2B4} = {8BE84486-6D44-47F7-A45D-0E9DF0753EED}
		{8061739B-D288-411A-8EEA-587EC6F49DBE} = {9D486914-D672-47D0-B258-0434036D9CFA}
		{90287AC1-9A85-4A14-8089-F6CD623033EB} = {A0C5E21F-B13E-4371-A88F-1DA8A3DE52F9}
		{752C2A5E-D72D-482A-9B0E-4C72923FE926} = {A3EB1FFD-E879-4354-ABE7-A409738942B5}
		{6C7EC12F-F284-48B0-A26C-01B88167E631} = {011B2594-ECA5-43A2-B940-B285AF84618A}
		{9D486914-D672-47D0-B258-0434036D9CFA} = {011B2594-ECA5-43A2-B940-B285AF84618A}
		{A0C5E21F-B13E-4371-A88F-1DA8A3DE52F9} = {011B2594-ECA5-43A2-B940-B285AF84618A}
		{A3EB1FFD-E879-4354-ABE7-A409738942B5} = {011B2594-ECA5-43A2-B940-B285AF84618A}
		{9BCA1451-3E80-4400-852F-71D62CC8EB46} = {011B2594-ECA5-43A2-B940-B285AF84618A}
		{F2233242-B70B-452F-AEAA-85D1BD3CD1E2} = {9BCA1451-3E80-4400-852F-71D62CC8EB46}
		{7748AECF-532A-4408-8C32-7622D3D0191E} = {A0C5E21F-B13E-4371-A88F-1DA8A3DE52F9}
		{1E6DB534-8ABE-4E45-8E2E-BEAEB1703DC5} = {A3EB1FFD-E879-4354-ABE7-A409738942B5}
		{2090803D-558B-429A-80D4-DC7541CB8B08} = {5B9CD738-E697-417B-9350-C191D094FA7D}
		{D1061535-D09F-40BD-AB9D-FD526BD03483} = {603A2F2A-2D25-46E0-97E9-1A50F5FD55B8}
		{A1C5A2DD-E3BA-4EF2-9563-3D20AC00E180} = {A0C5E21F-B13E-4371-A88F-1DA8A3DE52F9}
		{73ABAA79-6E84-457E-B7F2-A47EA8DBC254} = {A0C5E21F-B13E-4371-A88F-1DA8A3DE52F9}
		{2A01C3E9-D5F8-4A54-9731-7C3813F95E68} = {45693A7A-1A7C-4683-A34D-B0E8C171B420}
		{9A8AD592-B898-4AA6-8E9D-7E93868CE4F1} = {45693A7A-1A7C-4683-A34D-B0E8C171B420}
		{F870CB78-50CB-4F38-A609-2F12D0E39D05} = {9D486914-D672-47D0-B258-0434036D9CFA}
		{75B8A433-109F-40D4-B29B-B39BC1DAC202} = {8BE84486-6D44-47F7-A45D-0E9DF0753EED}
		{241DC90D-8163-4220-8538-0E80D2D78922} = {45693A7A-1A7C-4683-A34D-B0E8C171B420}
		{C859C967-35AA-48A2-8D26-D618E13A594C} = {45693A7A-1A7C-4683-A34D-B0E8C171B420}
	EndGlobalSection
	GlobalSection(ExtensibilityGlobals) = postSolution
		SolutionGuid = {88F4FD46-CBB6-4181-95CB-9D835A7577CB}
	EndGlobalSection
EndGlobal
